
Microsoft Visual Studio Solution File, Format Version 12.00
# Visual Studio Version 17
VisualStudioVersion = 17.0.32112.339
MinimumVisualStudioVersion = 10.0.40219.1
Project("{FAE04EC0-301F-11D3-BF4B-00C04F79EFBC}") = "sharedia", "sharedia.csproj", "{A9163932-6063-4A05-B12D-82EE4905FCAB}"
EndProject
Global
	GlobalSection(SolutionConfigurationPlatforms) = preSolution
		Debug|Any CPU = Debug|Any CPU
		Release|Any CPU = Release|Any CPU
	EndGlobalSection
	GlobalSection(ProjectConfigurationPlatforms) = postSolution
		{A9163932-6063-4A05-B12D-82EE4905FCAB}.Debug|Any CPU.ActiveCfg = Debug|Any CPU
		{A9163932-6063-4A05-B12D-82EE4905FCAB}.Debug|Any CPU.Build.0 = Debug|Any CPU
		{A9163932-6063-4A05-B12D-82EE4905FCAB}.Release|Any CPU.ActiveCfg = Release|Any CPU
		{A9163932-6063-4A05-B12D-82EE4905FCAB}.Release|Any CPU.Build.0 = Release|Any CPU
	EndGlobalSection
	GlobalSection(SolutionProperties) = preSolution
		HideSolutionNode = FALSE
	EndGlobalSection
	GlobalSection(ExtensibilityGlobals) = postSolution
		SolutionGuid = {484D01C8-76FE-4FC5-836B-C70B6FEC39DA}
	EndGlobalSection
EndGlobal
